
Microsoft Visual Studio Solution File, Format Version 12.00
# Visual Studio Version 17
VisualStudioVersion = 17.6.33815.320
MinimumVisualStudioVersion = 10.0.40219.1
Project("{FAE04EC0-301F-11D3-BF4B-00C04F79EFBC}") = "QuanLyDaiLy", "QuanLyDaiLy.csproj", "{3AFAC1C7-99D2-4374-AE95-3B9BC641B0E3}"
EndProject
Global
	GlobalSection(SolutionConfigurationPlatforms) = preSolution
		Debug|Any CPU = Debug|Any CPU
		Release|Any CPU = Release|Any CPU
	EndGlobalSection
	GlobalSection(ProjectConfigurationPlatforms) = postSolution
		{3AFAC1C7-99D2-4374-AE95-3B9BC641B0E3}.Debug|Any CPU.ActiveCfg = Debug|Any CPU
		{3AFAC1C7-99D2-4374-AE95-3B9BC641B0E3}.Debug|Any CPU.Build.0 = Debug|Any CPU
		{3AFAC1C7-99D2-4374-AE95-3B9BC641B0E3}.Release|Any CPU.ActiveCfg = Release|Any CPU
		{3AFAC1C7-99D2-4374-AE95-3B9BC641B0E3}.Release|Any CPU.Build.0 = Release|Any CPU
	EndGlobalSection
	GlobalSection(SolutionProperties) = preSolution
		HideSolutionNode = FALSE
	EndGlobalSection
	GlobalSection(ExtensibilityGlobals) = postSolution
		SolutionGuid = {362D2AA2-D16F-4F73-B4E2-456BA9DF5EFA}
	EndGlobalSection
EndGlobal
